{
  "name": "MyTrimbleExtension",
  "lockfileVersion": 3,
  "requires": true,
  "packages": {
    "": {
      "dependencies": {
        "trimble-connect-workspace-api": "^0.3.34"
      }
    },
    "node_modules/trimble-connect-workspace-api": {
      "version": "0.3.34",
      "resolved": "https://registry.npmjs.org/trimble-connect-workspace-api/-/trimble-connect-workspace-api-0.3.34.tgz",
      "integrity": "sha512-CvEo9UW4igv4tTBjF8rwse6Eke3SZYI1cYwR2jp8n6JlMO/vIC/a+StVGf6W3ceNlr0lTQBJ/7NDLXQ7Wop6Gg==",
      "license": "https://connect.trimble.com/terms-service"
    }
  }
}
